{
  "nodes": {
    "nixpkgs": {
      "locked": {
        "lastModified": 1773389992,
        "narHash": "sha256-wvfdLLWJ2I9oEpDd9PfMA8osfIZicoQ5MT1jIwNs9Tk=",
        "owner": "nixos",
        "repo": "nixpkgs",
        "rev": "c06b4ae3d6599a672a6210b7021d699c351eebda",
        "type": "github"
      },
      "original": {
        "owner": "nixos",
        "ref": "nixos-unstable",
        "repo": "nixpkgs",
        "type": "github"
      }
    },
    "root": {
      "inputs": {
        "nixpkgs": "nixpkgs",
        "tiponero": "tiponero"
      }
    },
    "tiponero": {
      "inputs": {
        "nixpkgs": [
          "nixpkgs"
        ]
      },
      "locked": {
        "lastModified": 1773615498,
        "narHash": "sha256-dQ1jNW2QJlBDtdMXuH5jh7r6GsAkZxdR4e5V5QJLJaU=",
        "owner": "tiponero",
        "repo": "tiponero-core",
        "rev": "8ba0bb05899eefb2b358281b054319d44b150f78",
        "type": "github"
      },
      "original": {
        "owner": "tiponero",
        "repo": "tiponero-core",
        "type": "github"
      }
    }
  },
  "root": "root",
  "version": 7
}
